schema: '2.0'
stages:
  daingestion:
    cmd: python src/data/data_ingestion.py
    deps:
    - path: data/raw/yellow_tripdata_2016-01.csv
      hash: md5
      md5: dbbfeaf3e090c885588085f0f40acc38
      size: 1708674492
    - path: data/raw/yellow_tripdata_2016-02.csv
      hash: md5
      md5: b5403017ef15378aad4d477542065962
      size: 1783554554
    - path: data/raw/yellow_tripdata_2016-03.csv
      hash: md5
      md5: fbc95c81a17ef549e64881a456662460
      size: 1914669757
    - path: src/data/data_ingestion.py
      hash: md5
      md5: a240e6e118b209fc30a59f27be08efa4
      size: 7140
    outs:
    - path: data/interim/df_without_outliers.csv
      hash: md5
      md5: dfd723e2f538f5475039d72d42c235d2
      size: 1924079864
  data_ingestion:
    cmd: python ./src/data/data_ingestion.py
    deps:
    - path: ./src/data/data_ingestion.py
      hash: md5
      md5: a240e6e118b209fc30a59f27be08efa4
      size: 7140
  extract_features:
    cmd: python ./src/features/extract_features.py
    deps:
    - path: ./src/features/extract_features.py
      hash: md5
      md5: 0c97a0dc717a47fb089ad1df0e71889c
      size: 11461
    params:
      params.yaml:
        extract_features.ewma.alpha: 0.4
        extract_features.mini_batch_kmeans.n_clusters: 24
        extract_features.mini_batch_kmeans.n_init: 10
        extract_features.mini_batch_kmeans.random_state: 42
    outs:
    - path: ./data/processed/resampled_data.csv
      hash: md5
      md5: edfd9ffa2ced37357c454ea1d8383648
      size: 6809206
    - path: ./models/mb_kmeans.joblib
      hash: md5
      md5: ff5587085894334376919501e74140e6
      size: 141035
    - path: ./models/scaler.joblib
      hash: md5
      md5: 7c193d8afb3041379e14f4a720e3a43c
      size: 951
  feature_processing:
    cmd: python ./src/features/feature_processing.py
    deps:
    - path: ./data/processed/resampled_data.csv
      hash: md5
      md5: edfd9ffa2ced37357c454ea1d8383648
      size: 6809206
    - path: ./src/features/feature_processing.py
      hash: md5
      md5: 01d35f2895ce7d2206cd6e45b3191f2e
      size: 6721
    outs:
    - path: ./data/processed/test.csv
      hash: md5
      md5: 36175adc3997d5d8cd3546b227a08105
      size: 4027684
    - path: ./data/processed/train.csv
      hash: md5
      md5: 577686a0cf4646e99f09ef9b17e4a981
      size: 7759646
  model_building:
    cmd: python ./src/model/model_building.py
    deps:
    - path: ./data/processed/train.csv
      hash: md5
      md5: 577686a0cf4646e99f09ef9b17e4a981
      size: 7759646
    - path: ./src/model/model_building.py
      hash: md5
      md5: 490f93cbfa7c848f1979d6cd4b177ea4
      size: 6257
    outs:
    - path: ./models/encoder.joblib
      hash: md5
      md5: b50ab69af35df7c2badd7d23584fbc7c
      size: 3268
    - path: ./models/model.joblib
      hash: md5
      md5: e2ba54a2e38c1d51d76a6c11a65cda97
      size: 6834799
  model_evaluation:
    cmd: python ./src/model/model_evaluation.py
    deps:
    - path: ./data/processed/test.csv
      hash: md5
      md5: 36175adc3997d5d8cd3546b227a08105
      size: 4027684
    - path: ./data/processed/train.csv
      hash: md5
      md5: 577686a0cf4646e99f09ef9b17e4a981
      size: 7759646
    - path: ./models/encoder.joblib
      hash: md5
      md5: b50ab69af35df7c2badd7d23584fbc7c
      size: 3268
    - path: ./models/model.joblib
      hash: md5
      md5: e2ba54a2e38c1d51d76a6c11a65cda97
      size: 6834799
    - path: ./src/model/model_evaluation.py
      hash: md5
      md5: d37cb34acf6470ffbc425ac204c10cee
      size: 8791
    outs:
    - path: ./run_information.json
      hash: md5
      md5: 37746bbbfc39f6b2294dd72f2efaa3da
      size: 175
  register_model:
    cmd: python ./src/model/register_model.py
    deps:
    - path: ./run_information.json
      hash: md5
      md5: 37746bbbfc39f6b2294dd72f2efaa3da
      size: 175
    - path: ./src/model/register_model.py
      hash: md5
      md5: e7768aac7451a571bb1dbed0be2bf145
      size: 4343
